// !$*UTF8*$!
{
	archiveVersion = 1;
	classes = {
	};
	objectVersion = 55;
	objects = {

/* Begin PBXBuildFile section */
		05CA3C3F1006300E56230DA8 /* Pods_Pokemon_TGCTests.framework in Frameworks */ = {isa = PBXBuildFile; fileRef = 6BD9CDD313D1D48231897CEB /* Pods_Pokemon_TGCTests.framework */; };
		177A27C90870E1C27859667D /* Pods_Pokemon_TGC.framework in Frameworks */ = {isa = PBXBuildFile; fileRef = 39A5828BDE449450B8B70044 /* Pods_Pokemon_TGC.framework */; };
		4E30E043299E43E900433247 /* BehaviorDriver.swift in Sources */ = {isa = PBXBuildFile; fileRef = 4E30E042299E43E900433247 /* BehaviorDriver.swift */; };
		4E30E157299E47DC00433247 /* BaseViewController.swift in Sources */ = {isa = PBXBuildFile; fileRef = 4E30E156299E47DC00433247 /* BaseViewController.swift */; };
		4E30E15A299E4AE500433247 /* CardCollectionViewCell.swift in Sources */ = {isa = PBXBuildFile; fileRef = 4E30E159299E4AE500433247 /* CardCollectionViewCell.swift */; };
		4E30E15F299E4DDC00433247 /* ImageLoader.swift in Sources */ = {isa = PBXBuildFile; fileRef = 4E30E15E299E4DDC00433247 /* ImageLoader.swift */; };
		4E30E161299E527900433247 /* ImageModel.swift in Sources */ = {isa = PBXBuildFile; fileRef = 4E30E160299E527900433247 /* ImageModel.swift */; };
		4E30E163299E6F9400433247 /* BaseViewModel.swift in Sources */ = {isa = PBXBuildFile; fileRef = 4E30E162299E6F9400433247 /* BaseViewModel.swift */; };
		4E4650F429A0A2AD00191315 /* DetailCardViewController.swift in Sources */ = {isa = PBXBuildFile; fileRef = 4E4650F329A0A2AD00191315 /* DetailCardViewController.swift */; };
		4E4650F629A0A2DF00191315 /* DetailCardViewModel.swift in Sources */ = {isa = PBXBuildFile; fileRef = 4E4650F529A0A2DF00191315 /* DetailCardViewModel.swift */; };
		4E4650F829A0A40200191315 /* CardBaseModel.swift in Sources */ = {isa = PBXBuildFile; fileRef = 4E4650F729A0A40200191315 /* CardBaseModel.swift */; };
		4E46520E29A0AC8600191315 /* UILabel+Ext.swift in Sources */ = {isa = PBXBuildFile; fileRef = 4E46520D29A0AC8600191315 /* UILabel+Ext.swift */; };
		4E46521029A0ADF200191315 /* Font.swift in Sources */ = {isa = PBXBuildFile; fileRef = 4E46520F29A0ADF200191315 /* Font.swift */; };
		4E64F410299E20A900ACE764 /* BaseAPI.swift in Sources */ = {isa = PBXBuildFile; fileRef = 4E64F40F299E20A900ACE764 /* BaseAPI.swift */; };
		4E64F412299E233E00ACE764 /* ListUrls.swift in Sources */ = {isa = PBXBuildFile; fileRef = 4E64F411299E233E00ACE764 /* ListUrls.swift */; };
		4E64F414299E245800ACE764 /* NetworkResponse.swift in Sources */ = {isa = PBXBuildFile; fileRef = 4E64F413299E245800ACE764 /* NetworkResponse.swift */; };
		4E64F416299E313500ACE764 /* NetworkLogger.swift in Sources */ = {isa = PBXBuildFile; fileRef = 4E64F415299E313500ACE764 /* NetworkLogger.swift */; };
		4E64F418299E31A900ACE764 /* Interceptor.swift in Sources */ = {isa = PBXBuildFile; fileRef = 4E64F417299E31A900ACE764 /* Interceptor.swift */; };
		4E64F41B299E334A00ACE764 /* CardsBaseModel.swift in Sources */ = {isa = PBXBuildFile; fileRef = 4E64F41A299E334A00ACE764 /* CardsBaseModel.swift */; };
		4E64F41D299E36A000ACE764 /* CardModel.swift in Sources */ = {isa = PBXBuildFile; fileRef = 4E64F41C299E36A000ACE764 /* CardModel.swift */; };
		4E9042C4299E3FFC004FA472 /* ViewModel.swift in Sources */ = {isa = PBXBuildFile; fileRef = 4E9042C3299E3FFC004FA472 /* ViewModel.swift */; };
		4EDF5B6529A26F9500FA4CEB /* SetModel.swift in Sources */ = {isa = PBXBuildFile; fileRef = 4EDF5B6429A26F9500FA4CEB /* SetModel.swift */; };
		4EE89822299E173D009E8CC7 /* AppDelegate.swift in Sources */ = {isa = PBXBuildFile; fileRef = 4EE89821299E173D009E8CC7 /* AppDelegate.swift */; };
		4EE89824299E173D009E8CC7 /* SceneDelegate.swift in Sources */ = {isa = PBXBuildFile; fileRef = 4EE89823299E173D009E8CC7 /* SceneDelegate.swift */; };
		4EE89826299E173D009E8CC7 /* ViewController.swift in Sources */ = {isa = PBXBuildFile; fileRef = 4EE89825299E173D009E8CC7 /* ViewController.swift */; };
		4EE89829299E173D009E8CC7 /* Main.storyboard in Resources */ = {isa = PBXBuildFile; fileRef = 4EE89827299E173D009E8CC7 /* Main.storyboard */; };
		4EE8982B299E173F009E8CC7 /* Assets.xcassets in Resources */ = {isa = PBXBuildFile; fileRef = 4EE8982A299E173F009E8CC7 /* Assets.xcassets */; };
		4EE8982E299E173F009E8CC7 /* LaunchScreen.storyboard in Resources */ = {isa = PBXBuildFile; fileRef = 4EE8982C299E173F009E8CC7 /* LaunchScreen.storyboard */; };
		4EE89839299E173F009E8CC7 /* Pokemon_TGCTests.swift in Sources */ = {isa = PBXBuildFile; fileRef = 4EE89838299E173F009E8CC7 /* Pokemon_TGCTests.swift */; };
		4EE89843299E173F009E8CC7 /* Pokemon_TGCUITests.swift in Sources */ = {isa = PBXBuildFile; fileRef = 4EE89842299E173F009E8CC7 /* Pokemon_TGCUITests.swift */; };
		4EE89845299E173F009E8CC7 /* Pokemon_TGCUITestsLaunchTests.swift in Sources */ = {isa = PBXBuildFile; fileRef = 4EE89844299E173F009E8CC7 /* Pokemon_TGCUITestsLaunchTests.swift */; };
		5021A32891B2F543D6361216 /* Pods_Pokemon_TGC_Pokemon_TGCUITests.framework in Frameworks */ = {isa = PBXBuildFile; fileRef = C87B66D4786A6847698593C7 /* Pods_Pokemon_TGC_Pokemon_TGCUITests.framework */; };
/* End PBXBuildFile section */

/* Begin PBXContainerItemProxy section */
		4EE89835299E173F009E8CC7 /* PBXContainerItemProxy */ = {
			isa = PBXContainerItemProxy;
			containerPortal = 4EE89816299E173D009E8CC7 /* Project object */;
			proxyType = 1;
			remoteGlobalIDString = 4EE8981D299E173D009E8CC7;
			remoteInfo = "Pokemon TGC";
		};
		4EE8983F299E173F009E8CC7 /* PBXContainerItemProxy */ = {
			isa = PBXContainerItemProxy;
			containerPortal = 4EE89816299E173D009E8CC7 /* Project object */;
			proxyType = 1;
			remoteGlobalIDString = 4EE8981D299E173D009E8CC7;
			remoteInfo = "Pokemon TGC";
		};
/* End PBXContainerItemProxy section */

/* Begin PBXFileReference section */
		39A5828BDE449450B8B70044 /* Pods_Pokemon_TGC.framework */ = {isa = PBXFileReference; explicitFileType = wrapper.framework; includeInIndex = 0; path = Pods_Pokemon_TGC.framework; sourceTree = BUILT_PRODUCTS_DIR; };
		4E30E042299E43E900433247 /* BehaviorDriver.swift */ = {isa = PBXFileReference; lastKnownFileType = sourcecode.swift; path = BehaviorDriver.swift; sourceTree = "<group>"; };
		4E30E156299E47DC00433247 /* BaseViewController.swift */ = {isa = PBXFileReference; lastKnownFileType = sourcecode.swift; path = BaseViewController.swift; sourceTree = "<group>"; };
		4E30E159299E4AE500433247 /* CardCollectionViewCell.swift */ = {isa = PBXFileReference; lastKnownFileType = sourcecode.swift; path = CardCollectionViewCell.swift; sourceTree = "<group>"; };
		4E30E15E299E4DDC00433247 /* ImageLoader.swift */ = {isa = PBXFileReference; lastKnownFileType = sourcecode.swift; path = ImageLoader.swift; sourceTree = "<group>"; };
		4E30E160299E527900433247 /* ImageModel.swift */ = {isa = PBXFileReference; lastKnownFileType = sourcecode.swift; path = ImageModel.swift; sourceTree = "<group>"; };
		4E30E162299E6F9400433247 /* BaseViewModel.swift */ = {isa = PBXFileReference; lastKnownFileType = sourcecode.swift; path = BaseViewModel.swift; sourceTree = "<group>"; };
		4E4650F329A0A2AD00191315 /* DetailCardViewController.swift */ = {isa = PBXFileReference; lastKnownFileType = sourcecode.swift; path = DetailCardViewController.swift; sourceTree = "<group>"; };
		4E4650F529A0A2DF00191315 /* DetailCardViewModel.swift */ = {isa = PBXFileReference; lastKnownFileType = sourcecode.swift; path = DetailCardViewModel.swift; sourceTree = "<group>"; };
		4E4650F729A0A40200191315 /* CardBaseModel.swift */ = {isa = PBXFileReference; lastKnownFileType = sourcecode.swift; path = CardBaseModel.swift; sourceTree = "<group>"; };
		4E46520D29A0AC8600191315 /* UILabel+Ext.swift */ = {isa = PBXFileReference; lastKnownFileType = sourcecode.swift; path = "UILabel+Ext.swift"; sourceTree = "<group>"; };
		4E46520F29A0ADF200191315 /* Font.swift */ = {isa = PBXFileReference; lastKnownFileType = sourcecode.swift; path = Font.swift; sourceTree = "<group>"; };
		4E64F40F299E20A900ACE764 /* BaseAPI.swift */ = {isa = PBXFileReference; lastKnownFileType = sourcecode.swift; path = BaseAPI.swift; sourceTree = "<group>"; };
		4E64F411299E233E00ACE764 /* ListUrls.swift */ = {isa = PBXFileReference; lastKnownFileType = sourcecode.swift; path = ListUrls.swift; sourceTree = "<group>"; };
		4E64F413299E245800ACE764 /* NetworkResponse.swift */ = {isa = PBXFileReference; lastKnownFileType = sourcecode.swift; path = NetworkResponse.swift; sourceTree = "<group>"; };
		4E64F415299E313500ACE764 /* NetworkLogger.swift */ = {isa = PBXFileReference; lastKnownFileType = sourcecode.swift; path = NetworkLogger.swift; sourceTree = "<group>"; };
		4E64F417299E31A900ACE764 /* Interceptor.swift */ = {isa = PBXFileReference; lastKnownFileType = sourcecode.swift; path = Interceptor.swift; sourceTree = "<group>"; };
		4E64F41A299E334A00ACE764 /* CardsBaseModel.swift */ = {isa = PBXFileReference; lastKnownFileType = sourcecode.swift; path = CardsBaseModel.swift; sourceTree = "<group>"; };
		4E64F41C299E36A000ACE764 /* CardModel.swift */ = {isa = PBXFileReference; lastKnownFileType = sourcecode.swift; path = CardModel.swift; sourceTree = "<group>"; };
		4E9042C3299E3FFC004FA472 /* ViewModel.swift */ = {isa = PBXFileReference; lastKnownFileType = sourcecode.swift; path = ViewModel.swift; sourceTree = "<group>"; };
		4EDF5B6429A26F9500FA4CEB /* SetModel.swift */ = {isa = PBXFileReference; lastKnownFileType = sourcecode.swift; path = SetModel.swift; sourceTree = "<group>"; };
		4EE8981E299E173D009E8CC7 /* Pokemon TGC.app */ = {isa = PBXFileReference; explicitFileType = wrapper.application; includeInIndex = 0; path = "Pokemon TGC.app"; sourceTree = BUILT_PRODUCTS_DIR; };
		4EE89821299E173D009E8CC7 /* AppDelegate.swift */ = {isa = PBXFileReference; lastKnownFileType = sourcecode.swift; path = AppDelegate.swift; sourceTree = "<group>"; };
		4EE89823299E173D009E8CC7 /* SceneDelegate.swift */ = {isa = PBXFileReference; lastKnownFileType = sourcecode.swift; path = SceneDelegate.swift; sourceTree = "<group>"; };
		4EE89825299E173D009E8CC7 /* ViewController.swift */ = {isa = PBXFileReference; lastKnownFileType = sourcecode.swift; path = ViewController.swift; sourceTree = "<group>"; };
		4EE89828299E173D009E8CC7 /* Base */ = {isa = PBXFileReference; lastKnownFileType = file.storyboard; name = Base; path = Base.lproj/Main.storyboard; sourceTree = "<group>"; };
		4EE8982A299E173F009E8CC7 /* Assets.xcassets */ = {isa = PBXFileReference; lastKnownFileType = folder.assetcatalog; path = Assets.xcassets; sourceTree = "<group>"; };
		4EE8982D299E173F009E8CC7 /* Base */ = {isa = PBXFileReference; lastKnownFileType = file.storyboard; name = Base; path = Base.lproj/LaunchScreen.storyboard; sourceTree = "<group>"; };
		4EE8982F299E173F009E8CC7 /* Info.plist */ = {isa = PBXFileReference; lastKnownFileType = text.plist.xml; path = Info.plist; sourceTree = "<group>"; };
		4EE89834299E173F009E8CC7 /* Pokemon TGCTests.xctest */ = {isa = PBXFileReference; explicitFileType = wrapper.cfbundle; includeInIndex = 0; path = "Pokemon TGCTests.xctest"; sourceTree = BUILT_PRODUCTS_DIR; };
		4EE89838299E173F009E8CC7 /* Pokemon_TGCTests.swift */ = {isa = PBXFileReference; lastKnownFileType = sourcecode.swift; path = Pokemon_TGCTests.swift; sourceTree = "<group>"; };
		4EE8983E299E173F009E8CC7 /* Pokemon TGCUITests.xctest */ = {isa = PBXFileReference; explicitFileType = wrapper.cfbundle; includeInIndex = 0; path = "Pokemon TGCUITests.xctest"; sourceTree = BUILT_PRODUCTS_DIR; };
		4EE89842299E173F009E8CC7 /* Pokemon_TGCUITests.swift */ = {isa = PBXFileReference; lastKnownFileType = sourcecode.swift; path = Pokemon_TGCUITests.swift; sourceTree = "<group>"; };
		4EE89844299E173F009E8CC7 /* Pokemon_TGCUITestsLaunchTests.swift */ = {isa = PBXFileReference; lastKnownFileType = sourcecode.swift; path = Pokemon_TGCUITestsLaunchTests.swift; sourceTree = "<group>"; };
		51FC30593D4323B67A5F6AE2 /* Pods-Pokemon TGC-Pokemon TGCUITests.release.xcconfig */ = {isa = PBXFileReference; includeInIndex = 1; lastKnownFileType = text.xcconfig; name = "Pods-Pokemon TGC-Pokemon TGCUITests.release.xcconfig"; path = "Target Support Files/Pods-Pokemon TGC-Pokemon TGCUITests/Pods-Pokemon TGC-Pokemon TGCUITests.release.xcconfig"; sourceTree = "<group>"; };
		6BD9CDD313D1D48231897CEB /* Pods_Pokemon_TGCTests.framework */ = {isa = PBXFileReference; explicitFileType = wrapper.framework; includeInIndex = 0; path = Pods_Pokemon_TGCTests.framework; sourceTree = BUILT_PRODUCTS_DIR; };
		97E3C801B3F4593C30B46797 /* Pods-Pokemon TGCTests.release.xcconfig */ = {isa = PBXFileReference; includeInIndex = 1; lastKnownFileType = text.xcconfig; name = "Pods-Pokemon TGCTests.release.xcconfig"; path = "Target Support Files/Pods-Pokemon TGCTests/Pods-Pokemon TGCTests.release.xcconfig"; sourceTree = "<group>"; };
		9F33CB36E81DA54C591EA0AB /* Pods-Pokemon TGC.release.xcconfig */ = {isa = PBXFileReference; includeInIndex = 1; lastKnownFileType = text.xcconfig; name = "Pods-Pokemon TGC.release.xcconfig"; path = "Target Support Files/Pods-Pokemon TGC/Pods-Pokemon TGC.release.xcconfig"; sourceTree = "<group>"; };
		B806744766BC90293738EB7B /* Pods-Pokemon TGCTests.debug.xcconfig */ = {isa = PBXFileReference; includeInIndex = 1; lastKnownFileType = text.xcconfig; name = "Pods-Pokemon TGCTests.debug.xcconfig"; path = "Target Support Files/Pods-Pokemon TGCTests/Pods-Pokemon TGCTests.debug.xcconfig"; sourceTree = "<group>"; };
		C87B66D4786A6847698593C7 /* Pods_Pokemon_TGC_Pokemon_TGCUITests.framework */ = {isa = PBXFileReference; explicitFileType = wrapper.framework; includeInIndex = 0; path = Pods_Pokemon_TGC_Pokemon_TGCUITests.framework; sourceTree = BUILT_PRODUCTS_DIR; };
		CDD7C54D30BCE8199E7F4F52 /* Pods-Pokemon TGC-Pokemon TGCUITests.debug.xcconfig */ = {isa = PBXFileReference; includeInIndex = 1; lastKnownFileType = text.xcconfig; name = "Pods-Pokemon TGC-Pokemon TGCUITests.debug.xcconfig"; path = "Target Support Files/Pods-Pokemon TGC-Pokemon TGCUITests/Pods-Pokemon TGC-Pokemon TGCUITests.debug.xcconfig"; sourceTree = "<group>"; };
		DD4ED7236976D8F10C2FF970 /* Pods-Pokemon TGC.debug.xcconfig */ = {isa = PBXFileReference; includeInIndex = 1; lastKnownFileType = text.xcconfig; name = "Pods-Pokemon TGC.debug.xcconfig"; path = "Target Support Files/Pods-Pokemon TGC/Pods-Pokemon TGC.debug.xcconfig"; sourceTree = "<group>"; };
/* End PBXFileReference section */

/* Begin PBXFrameworksBuildPhase section */
		4EE8981B299E173D009E8CC7 /* Frameworks */ = {
			isa = PBXFrameworksBuildPhase;
			buildActionMask = 2147483647;
			files = (
				177A27C90870E1C27859667D /* Pods_Pokemon_TGC.framework in Frameworks */,
			);
			runOnlyForDeploymentPostprocessing = 0;
		};
		4EE89831299E173F009E8CC7 /* Frameworks */ = {
			isa = PBXFrameworksBuildPhase;
			buildActionMask = 2147483647;
			files = (
				05CA3C3F1006300E56230DA8 /* Pods_Pokemon_TGCTests.framework in Frameworks */,
			);
			runOnlyForDeploymentPostprocessing = 0;
		};
		4EE8983B299E173F009E8CC7 /* Frameworks */ = {
			isa = PBXFrameworksBuildPhase;
			buildActionMask = 2147483647;
			files = (
				5021A32891B2F543D6361216 /* Pods_Pokemon_TGC_Pokemon_TGCUITests.framework in Frameworks */,
			);
			runOnlyForDeploymentPostprocessing = 0;
		};
/* End PBXFrameworksBuildPhase section */

/* Begin PBXGroup section */
		4E30E041299E43D900433247 /* Helper */ = {
			isa = PBXGroup;
			children = (
				4E30E15B299E4BCB00433247 /* Extension */,
				4E30E042299E43E900433247 /* BehaviorDriver.swift */,
				4E46520F29A0ADF200191315 /* Font.swift */,
			);
			path = Helper;
			sourceTree = "<group>";
		};
		4E30E158299E4ACF00433247 /* Cell */ = {
			isa = PBXGroup;
			children = (
				4E30E159299E4AE500433247 /* CardCollectionViewCell.swift */,
			);
			path = Cell;
			sourceTree = "<group>";
		};
		4E30E15B299E4BCB00433247 /* Extension */ = {
			isa = PBXGroup;
			children = (
				4E46520D29A0AC8600191315 /* UILabel+Ext.swift */,
			);
			path = Extension;
			sourceTree = "<group>";
		};
		4E64F2FC299E200C00ACE764 /* NetworkService */ = {
			isa = PBXGroup;
			children = (
				4E64F40F299E20A900ACE764 /* BaseAPI.swift */,
				4E64F411299E233E00ACE764 /* ListUrls.swift */,
				4E64F413299E245800ACE764 /* NetworkResponse.swift */,
				4E64F415299E313500ACE764 /* NetworkLogger.swift */,
				4E64F417299E31A900ACE764 /* Interceptor.swift */,
				4E30E15E299E4DDC00433247 /* ImageLoader.swift */,
			);
			path = NetworkService;
			sourceTree = "<group>";
		};
		4E64F419299E333F00ACE764 /* Model */ = {
			isa = PBXGroup;
			children = (
				4E64F41A299E334A00ACE764 /* CardsBaseModel.swift */,
				4E64F41C299E36A000ACE764 /* CardModel.swift */,
				4E30E160299E527900433247 /* ImageModel.swift */,
				4E4650F729A0A40200191315 /* CardBaseModel.swift */,
				4EDF5B6429A26F9500FA4CEB /* SetModel.swift */,
			);
			path = Model;
			sourceTree = "<group>";
		};
		4E9042BF299E3F4B004FA472 /* ViewController */ = {
			isa = PBXGroup;
			children = (
				4EE89825299E173D009E8CC7 /* ViewController.swift */,
				4E30E156299E47DC00433247 /* BaseViewController.swift */,
				4E4650F329A0A2AD00191315 /* DetailCardViewController.swift */,
			);
			path = ViewController;
			sourceTree = "<group>";
		};
		4E9042C0299E3F54004FA472 /* ViewModel */ = {
			isa = PBXGroup;
			children = (
				4E9042C3299E3FFC004FA472 /* ViewModel.swift */,
				4E30E162299E6F9400433247 /* BaseViewModel.swift */,
				4E4650F529A0A2DF00191315 /* DetailCardViewModel.swift */,
			);
			path = ViewModel;
			sourceTree = "<group>";
		};
		4EE89815299E173D009E8CC7 = {
			isa = PBXGroup;
			children = (
				4EE89820299E173D009E8CC7 /* Pokemon TGC */,
				4EE89837299E173F009E8CC7 /* Pokemon TGCTests */,
				4EE89841299E173F009E8CC7 /* Pokemon TGCUITests */,
				4EE8981F299E173D009E8CC7 /* Products */,
				92DF48E61D7629FD95C40849 /* Pods */,
				D9673B63686DE45A4829BDCC /* Frameworks */,
			);
			sourceTree = "<group>";
		};
		4EE8981F299E173D009E8CC7 /* Products */ = {
			isa = PBXGroup;
			children = (
				4EE8981E299E173D009E8CC7 /* Pokemon TGC.app */,
				4EE89834299E173F009E8CC7 /* Pokemon TGCTests.xctest */,
				4EE8983E299E173F009E8CC7 /* Pokemon TGCUITests.xctest */,
			);
			name = Products;
			sourceTree = "<group>";
		};
		4EE89820299E173D009E8CC7 /* Pokemon TGC */ = {
			isa = PBXGroup;
			children = (
				4E30E158299E4ACF00433247 /* Cell */,
				4E30E041299E43D900433247 /* Helper */,
				4E9042C0299E3F54004FA472 /* ViewModel */,
				4E9042BF299E3F4B004FA472 /* ViewController */,
				4E64F419299E333F00ACE764 /* Model */,
				4E64F2FC299E200C00ACE764 /* NetworkService */,
				4EE89821299E173D009E8CC7 /* AppDelegate.swift */,
				4EE89823299E173D009E8CC7 /* SceneDelegate.swift */,
				4EE89827299E173D009E8CC7 /* Main.storyboard */,
				4EE8982A299E173F009E8CC7 /* Assets.xcassets */,
				4EE8982C299E173F009E8CC7 /* LaunchScreen.storyboard */,
				4EE8982F299E173F009E8CC7 /* Info.plist */,
			);
			path = "Pokemon TGC";
			sourceTree = "<group>";
		};
		4EE89837299E173F009E8CC7 /* Pokemon TGCTests */ = {
			isa = PBXGroup;
			children = (
				4EE89838299E173F009E8CC7 /* Pokemon_TGCTests.swift */,
			);
			path = "Pokemon TGCTests";
			sourceTree = "<group>";
		};
		4EE89841299E173F009E8CC7 /* Pokemon TGCUITests */ = {
			isa = PBXGroup;
			children = (
				4EE89842299E173F009E8CC7 /* Pokemon_TGCUITests.swift */,
				4EE89844299E173F009E8CC7 /* Pokemon_TGCUITestsLaunchTests.swift */,
			);
			path = "Pokemon TGCUITests";
			sourceTree = "<group>";
		};
		92DF48E61D7629FD95C40849 /* Pods */ = {
			isa = PBXGroup;
			children = (
				DD4ED7236976D8F10C2FF970 /* Pods-Pokemon TGC.debug.xcconfig */,
				9F33CB36E81DA54C591EA0AB /* Pods-Pokemon TGC.release.xcconfig */,
				CDD7C54D30BCE8199E7F4F52 /* Pods-Pokemon TGC-Pokemon TGCUITests.debug.xcconfig */,
				51FC30593D4323B67A5F6AE2 /* Pods-Pokemon TGC-Pokemon TGCUITests.release.xcconfig */,
				B806744766BC90293738EB7B /* Pods-Pokemon TGCTests.debug.xcconfig */,
				97E3C801B3F4593C30B46797 /* Pods-Pokemon TGCTests.release.xcconfig */,
			);
			path = Pods;
			sourceTree = "<group>";
		};
		D9673B63686DE45A4829BDCC /* Frameworks */ = {
			isa = PBXGroup;
			children = (
				39A5828BDE449450B8B70044 /* Pods_Pokemon_TGC.framework */,
				C87B66D4786A6847698593C7 /* Pods_Pokemon_TGC_Pokemon_TGCUITests.framework */,
				6BD9CDD313D1D48231897CEB /* Pods_Pokemon_TGCTests.framework */,
			);
			name = Frameworks;
			sourceTree = "<group>";
		};
/* End PBXGroup section */

/* Begin PBXNativeTarget section */
		4EE8981D299E173D009E8CC7 /* Pokemon TGC */ = {
			isa = PBXNativeTarget;
			buildConfigurationList = 4EE89848299E173F009E8CC7 /* Build configuration list for PBXNativeTarget "Pokemon TGC" */;
			buildPhases = (
				FF3F6BBD72579697872DAAE1 /* [CP] Check Pods Manifest.lock */,
				4EE8981A299E173D009E8CC7 /* Sources */,
				4EE8981B299E173D009E8CC7 /* Frameworks */,
				4EE8981C299E173D009E8CC7 /* Resources */,
				D247559CD4D90DA0D343AC8B /* [CP] Embed Pods Frameworks */,
			);
			buildRules = (
			);
			dependencies = (
			);
			name = "Pokemon TGC";
			productName = "Pokemon TGC";
			productReference = 4EE8981E299E173D009E8CC7 /* Pokemon TGC.app */;
			productType = "com.apple.product-type.application";
		};
		4EE89833299E173F009E8CC7 /* Pokemon TGCTests */ = {
			isa = PBXNativeTarget;
			buildConfigurationList = 4EE8984B299E173F009E8CC7 /* Build configuration list for PBXNativeTarget "Pokemon TGCTests" */;
			buildPhases = (
				661E00CFFA3593FEEF899380 /* [CP] Check Pods Manifest.lock */,
				4EE89830299E173F009E8CC7 /* Sources */,
				4EE89831299E173F009E8CC7 /* Frameworks */,
				4EE89832299E173F009E8CC7 /* Resources */,
			);
			buildRules = (
			);
			dependencies = (
				4EE89836299E173F009E8CC7 /* PBXTargetDependency */,
			);
			name = "Pokemon TGCTests";
			productName = "Pokemon TGCTests";
			productReference = 4EE89834299E173F009E8CC7 /* Pokemon TGCTests.xctest */;
			productType = "com.apple.product-type.bundle.unit-test";
		};
		4EE8983D299E173F009E8CC7 /* Pokemon TGCUITests */ = {
			isa = PBXNativeTarget;
			buildConfigurationList = 4EE8984E299E173F009E8CC7 /* Build configuration list for PBXNativeTarget "Pokemon TGCUITests" */;
			buildPhases = (
				CDD5AF602AC3A6A96D009C87 /* [CP] Check Pods Manifest.lock */,
				4EE8983A299E173F009E8CC7 /* Sources */,
				4EE8983B299E173F009E8CC7 /* Frameworks */,
				4EE8983C299E173F009E8CC7 /* Resources */,
				CBF22959648F9F072A1F154C /* [CP] Embed Pods Frameworks */,
			);
			buildRules = (
			);
			dependencies = (
				4EE89840299E173F009E8CC7 /* PBXTargetDependency */,
			);
			name = "Pokemon TGCUITests";
			productName = "Pokemon TGCUITests";
			productReference = 4EE8983E299E173F009E8CC7 /* Pokemon TGCUITests.xctest */;
			productType = "com.apple.product-type.bundle.ui-testing";
		};
/* End PBXNativeTarget section */

/* Begin PBXProject section */
		4EE89816299E173D009E8CC7 /* Project object */ = {
			isa = PBXProject;
			attributes = {
				BuildIndependentTargetsInParallel = 1;
				LastSwiftUpdateCheck = 1420;
				LastUpgradeCheck = 1420;
				TargetAttributes = {
					4EE8981D299E173D009E8CC7 = {
						CreatedOnToolsVersion = 14.2;
					};
					4EE89833299E173F009E8CC7 = {
						CreatedOnToolsVersion = 14.2;
						TestTargetID = 4EE8981D299E173D009E8CC7;
					};
					4EE8983D299E173F009E8CC7 = {
						CreatedOnToolsVersion = 14.2;
						TestTargetID = 4EE8981D299E173D009E8CC7;
					};
				};
			};
			buildConfigurationList = 4EE89819299E173D009E8CC7 /* Build configuration list for PBXProject "Pokemon TGC" */;
			compatibilityVersion = "Xcode 13.0";
			developmentRegion = en;
			hasScannedForEncodings = 0;
			knownRegions = (
				en,
				Base,
			);
			mainGroup = 4EE89815299E173D009E8CC7;
			productRefGroup = 4EE8981F299E173D009E8CC7 /* Products */;
			projectDirPath = "";
			projectRoot = "";
			targets = (
				4EE8981D299E173D009E8CC7 /* Pokemon TGC */,
				4EE89833299E173F009E8CC7 /* Pokemon TGCTests */,
				4EE8983D299E173F009E8CC7 /* Pokemon TGCUITests */,
			);
		};
/* End PBXProject section */

/* Begin PBXResourcesBuildPhase section */
		4EE8981C299E173D009E8CC7 /* Resources */ = {
			isa = PBXResourcesBuildPhase;
			buildActionMask = 2147483647;
			files = (
				4EE8982E299E173F009E8CC7 /* LaunchScreen.storyboard in Resources */,
				4EE8982B299E173F009E8CC7 /* Assets.xcassets in Resources */,
				4EE89829299E173D009E8CC7 /* Main.storyboard in Resources */,
			);
			runOnlyForDeploymentPostprocessing = 0;
		};
		4EE89832299E173F009E8CC7 /* Resources */ = {
			isa = PBXResourcesBuildPhase;
			buildActionMask = 2147483647;
			files = (
			);
			runOnlyForDeploymentPostprocessing = 0;
		};
		4EE8983C299E173F009E8CC7 /* Resources */ = {
			isa = PBXResourcesBuildPhase;
			buildActionMask = 2147483647;
			files = (
			);
			runOnlyForDeploymentPostprocessing = 0;
		};
/* End PBXResourcesBuildPhase section */

/* Begin PBXShellScriptBuildPhase section */
		661E00CFFA3593FEEF899380 /* [CP] Check Pods Manifest.lock */ = {
			isa = PBXShellScriptBuildPhase;
			buildActionMask = 2147483647;
			files = (
			);
			inputFileListPaths = (
			);
			inputPaths = (
				"${PODS_PODFILE_DIR_PATH}/Podfile.lock",
				"${PODS_ROOT}/Manifest.lock",
			);
			name = "[CP] Check Pods Manifest.lock";
			outputFileListPaths = (
			);
			outputPaths = (
				"$(DERIVED_FILE_DIR)/Pods-Pokemon TGCTests-checkManifestLockResult.txt",
			);
			runOnlyForDeploymentPostprocessing = 0;
			shellPath = /bin/sh;
			shellScript = "diff \"${PODS_PODFILE_DIR_PATH}/Podfile.lock\" \"${PODS_ROOT}/Manifest.lock\" > /dev/null\nif [ $? != 0 ] ; then\n    # print error to STDERR\n    echo \"error: The sandbox is not in sync with the Podfile.lock. Run 'pod install' or update your CocoaPods installation.\" >&2\n    exit 1\nfi\n# This output is used by Xcode 'outputs' to avoid re-running this script phase.\necho \"SUCCESS\" > \"${SCRIPT_OUTPUT_FILE_0}\"\n";
			showEnvVarsInLog = 0;
		};
		CBF22959648F9F072A1F154C /* [CP] Embed Pods Frameworks */ = {
			isa = PBXShellScriptBuildPhase;
			buildActionMask = 2147483647;
			files = (
			);
			inputFileListPaths = (
				"${PODS_ROOT}/Target Support Files/Pods-Pokemon TGC-Pokemon TGCUITests/Pods-Pokemon TGC-Pokemon TGCUITests-frameworks-${CONFIGURATION}-input-files.xcfilelist",
			);
			name = "[CP] Embed Pods Frameworks";
			outputFileListPaths = (
				"${PODS_ROOT}/Target Support Files/Pods-Pokemon TGC-Pokemon TGCUITests/Pods-Pokemon TGC-Pokemon TGCUITests-frameworks-${CONFIGURATION}-output-files.xcfilelist",
			);
			runOnlyForDeploymentPostprocessing = 0;
			shellPath = /bin/sh;
			shellScript = "\"${PODS_ROOT}/Target Support Files/Pods-Pokemon TGC-Pokemon TGCUITests/Pods-Pokemon TGC-Pokemon TGCUITests-frameworks.sh\"\n";
			showEnvVarsInLog = 0;
		};
		CDD5AF602AC3A6A96D009C87 /* [CP] Check Pods Manifest.lock */ = {
			isa = PBXShellScriptBuildPhase;
			buildActionMask = 2147483647;
			files = (
			);
			inputFileListPaths = (
			);
			inputPaths = (
				"${PODS_PODFILE_DIR_PATH}/Podfile.lock",
				"${PODS_ROOT}/Manifest.lock",
			);
			name = "[CP] Check Pods Manifest.lock";
			outputFileListPaths = (
			);
			outputPaths = (
				"$(DERIVED_FILE_DIR)/Pods-Pokemon TGC-Pokemon TGCUITests-checkManifestLockResult.txt",
			);
			runOnlyForDeploymentPostprocessing = 0;
			shellPath = /bin/sh;
			shellScript = "diff \"${PODS_PODFILE_DIR_PATH}/Podfile.lock\" \"${PODS_ROOT}/Manifest.lock\" > /dev/null\nif [ $? != 0 ] ; then\n    # print error to STDERR\n    echo \"error: The sandbox is not in sync with the Podfile.lock. Run 'pod install' or update your CocoaPods installation.\" >&2\n    exit 1\nfi\n# This output is used by Xcode 'outputs' to avoid re-running this script phase.\necho \"SUCCESS\" > \"${SCRIPT_OUTPUT_FILE_0}\"\n";
			showEnvVarsInLog = 0;
		};
		D247559CD4D90DA0D343AC8B /* [CP] Embed Pods Frameworks */ = {
			isa = PBXShellScriptBuildPhase;
			buildActionMask = 2147483647;
			files = (
			);
			inputFileListPaths = (
				"${PODS_ROOT}/Target Support Files/Pods-Pokemon TGC/Pods-Pokemon TGC-frameworks-${CONFIGURATION}-input-files.xcfilelist",
			);
			name = "[CP] Embed Pods Frameworks";
			outputFileListPaths = (
				"${PODS_ROOT}/Target Support Files/Pods-Pokemon TGC/Pods-Pokemon TGC-frameworks-${CONFIGURATION}-output-files.xcfilelist",
			);
			runOnlyForDeploymentPostprocessing = 0;
			shellPath = /bin/sh;
			shellScript = "\"${PODS_ROOT}/Target Support Files/Pods-Pokemon TGC/Pods-Pokemon TGC-frameworks.sh\"\n";
			showEnvVarsInLog = 0;
		};
		FF3F6BBD72579697872DAAE1 /* [CP] Check Pods Manifest.lock */ = {
			isa = PBXShellScriptBuildPhase;
			buildActionMask = 2147483647;
			files = (
			);
			inputFileListPaths = (
			);
			inputPaths = (
				"${PODS_PODFILE_DIR_PATH}/Podfile.lock",
				"${PODS_ROOT}/Manifest.lock",
			);
			name = "[CP] Check Pods Manifest.lock";
			outputFileListPaths = (
			);
			outputPaths = (
				"$(DERIVED_FILE_DIR)/Pods-Pokemon TGC-checkManifestLockResult.txt",
			);
			runOnlyForDeploymentPostprocessing = 0;
			shellPath = /bin/sh;
			shellScript = "diff \"${PODS_PODFILE_DIR_PATH}/Podfile.lock\" \"${PODS_ROOT}/Manifest.lock\" > /dev/null\nif [ $? != 0 ] ; then\n    # print error to STDERR\n    echo \"error: The sandbox is not in sync with the Podfile.lock. Run 'pod install' or update your CocoaPods installation.\" >&2\n    exit 1\nfi\n# This output is used by Xcode 'outputs' to avoid re-running this script phase.\necho \"SUCCESS\" > \"${SCRIPT_OUTPUT_FILE_0}\"\n";
			showEnvVarsInLog = 0;
		};
/* End PBXShellScriptBuildPhase section */

/* Begin PBXSourcesBuildPhase section */
		4EE8981A299E173D009E8CC7 /* Sources */ = {
			isa = PBXSourcesBuildPhase;
			buildActionMask = 2147483647;
			files = (
				4E30E157299E47DC00433247 /* BaseViewController.swift in Sources */,
				4E64F41B299E334A00ACE764 /* CardsBaseModel.swift in Sources */,
				4E46521029A0ADF200191315 /* Font.swift in Sources */,
				4E30E163299E6F9400433247 /* BaseViewModel.swift in Sources */,
				4E30E161299E527900433247 /* ImageModel.swift in Sources */,
				4E64F416299E313500ACE764 /* NetworkLogger.swift in Sources */,
				4EE89826299E173D009E8CC7 /* ViewController.swift in Sources */,
				4E30E15A299E4AE500433247 /* CardCollectionViewCell.swift in Sources */,
				4E9042C4299E3FFC004FA472 /* ViewModel.swift in Sources */,
				4E4650F829A0A40200191315 /* CardBaseModel.swift in Sources */,
				4E30E15F299E4DDC00433247 /* ImageLoader.swift in Sources */,
				4E64F410299E20A900ACE764 /* BaseAPI.swift in Sources */,
				4E46520E29A0AC8600191315 /* UILabel+Ext.swift in Sources */,
				4E64F418299E31A900ACE764 /* Interceptor.swift in Sources */,
				4E4650F429A0A2AD00191315 /* DetailCardViewController.swift in Sources */,
				4E4650F629A0A2DF00191315 /* DetailCardViewModel.swift in Sources */,
				4EE89822299E173D009E8CC7 /* AppDelegate.swift in Sources */,
				4EE89824299E173D009E8CC7 /* SceneDelegate.swift in Sources */,
				4E64F412299E233E00ACE764 /* ListUrls.swift in Sources */,
				4E64F414299E245800ACE764 /* NetworkResponse.swift in Sources */,
				4E64F41D299E36A000ACE764 /* CardModel.swift in Sources */,
				4EDF5B6529A26F9500FA4CEB /* SetModel.swift in Sources */,
				4E30E043299E43E900433247 /* BehaviorDriver.swift in Sources */,
			);
			runOnlyForDeploymentPostprocessing = 0;
		};
		4EE89830299E173F009E8CC7 /* Sources */ = {
			isa = PBXSourcesBuildPhase;
			buildActionMask = 2147483647;
			files = (
				4EE89839299E173F009E8CC7 /* Pokemon_TGCTests.swift in Sources */,
			);
			runOnlyForDeploymentPostprocessing = 0;
		};
		4EE8983A299E173F009E8CC7 /* Sources */ = {
			isa = PBXSourcesBuildPhase;
			buildActionMask = 2147483647;
			files = (
				4EE89843299E173F009E8CC7 /* Pokemon_TGCUITests.swift in Sources */,
				4EE89845299E173F009E8CC7 /* Pokemon_TGCUITestsLaunchTests.swift in Sources */,
			);
			runOnlyForDeploymentPostprocessing = 0;
		};
/* End PBXSourcesBuildPhase section */

/* Begin PBXTargetDependency section */
		4EE89836299E173F009E8CC7 /* PBXTargetDependency */ = {
			isa = PBXTargetDependency;
			target = 4EE8981D299E173D009E8CC7 /* Pokemon TGC */;
			targetProxy = 4EE89835299E173F009E8CC7 /* PBXContainerItemProxy */;
		};
		4EE89840299E173F009E8CC7 /* PBXTargetDependency */ = {
			isa = PBXTargetDependency;
			target = 4EE8981D299E173D009E8CC7 /* Pokemon TGC */;
			targetProxy = 4EE8983F299E173F009E8CC7 /* PBXContainerItemProxy */;
		};
/* End PBXTargetDependency section */

/* Begin PBXVariantGroup section */
		4EE89827299E173D009E8CC7 /* Main.storyboard */ = {
			isa = PBXVariantGroup;
			children = (
				4EE89828299E173D009E8CC7 /* Base */,
			);
			name = Main.storyboard;
			sourceTree = "<group>";
		};
		4EE8982C299E173F009E8CC7 /* LaunchScreen.storyboard */ = {
			isa = PBXVariantGroup;
			children = (
				4EE8982D299E173F009E8CC7 /* Base */,
			);
			name = LaunchScreen.storyboard;
			sourceTree = "<group>";
		};
/* End PBXVariantGroup section */

/* Begin XCBuildConfiguration section */
		4EE89846299E173F009E8CC7 /* Debug */ = {
			isa = XCBuildConfiguration;
			buildSettings = {
				ALWAYS_SEARCH_USER_PATHS = NO;
				CLANG_ANALYZER_NONNULL = YES;
				CLANG_ANALYZER_NUMBER_OBJECT_CONVERSION = YES_AGGRESSIVE;
				CLANG_CXX_LANGUAGE_STANDARD = "gnu++20";
				CLANG_ENABLE_MODULES = YES;
				CLANG_ENABLE_OBJC_ARC = YES;
				CLANG_ENABLE_OBJC_WEAK = YES;
				CLANG_WARN_BLOCK_CAPTURE_AUTORELEASING = YES;
				CLANG_WARN_BOOL_CONVERSION = YES;
				CLANG_WARN_COMMA = YES;
				CLANG_WARN_CONSTANT_CONVERSION = YES;
				CLANG_WARN_DEPRECATED_OBJC_IMPLEMENTATIONS = YES;
				CLANG_WARN_DIRECT_OBJC_ISA_USAGE = YES_ERROR;
				CLANG_WARN_DOCUMENTATION_COMMENTS = YES;
				CLANG_WARN_EMPTY_BODY = YES;
				CLANG_WARN_ENUM_CONVERSION = YES;
				CLANG_WARN_INFINITE_RECURSION = YES;
				CLANG_WARN_INT_CONVERSION = YES;
				CLANG_WARN_NON_LITERAL_NULL_CONVERSION = YES;
				CLANG_WARN_OBJC_IMPLICIT_RETAIN_SELF = YES;
				CLANG_WARN_OBJC_LITERAL_CONVERSION = YES;
				CLANG_WARN_OBJC_ROOT_CLASS = YES_ERROR;
				CLANG_WARN_QUOTED_INCLUDE_IN_FRAMEWORK_HEADER = YES;
				CLANG_WARN_RANGE_LOOP_ANALYSIS = YES;
				CLANG_WARN_STRICT_PROTOTYPES = YES;
				CLANG_WARN_SUSPICIOUS_MOVE = YES;
				CLANG_WARN_UNGUARDED_AVAILABILITY = YES_AGGRESSIVE;
				CLANG_WARN_UNREACHABLE_CODE = YES;
				CLANG_WARN__DUPLICATE_METHOD_MATCH = YES;
				COPY_PHASE_STRIP = NO;
				DEBUG_INFORMATION_FORMAT = dwarf;
				ENABLE_STRICT_OBJC_MSGSEND = YES;
				ENABLE_TESTABILITY = YES;
				GCC_C_LANGUAGE_STANDARD = gnu11;
				GCC_DYNAMIC_NO_PIC = NO;
				GCC_NO_COMMON_BLOCKS = YES;
				GCC_OPTIMIZATION_LEVEL = 0;
				GCC_PREPROCESSOR_DEFINITIONS = (
					"DEBUG=1",
					"$(inherited)",
				);
				GCC_WARN_64_TO_32_BIT_CONVERSION = YES;
				GCC_WARN_ABOUT_RETURN_TYPE = YES_ERROR;
				GCC_WARN_UNDECLARED_SELECTOR = YES;
				GCC_WARN_UNINITIALIZED_AUTOS = YES_AGGRESSIVE;
				GCC_WARN_UNUSED_FUNCTION = YES;
				GCC_WARN_UNUSED_VARIABLE = YES;
				IPHONEOS_DEPLOYMENT_TARGET = 16.2;
				MTL_ENABLE_DEBUG_INFO = INCLUDE_SOURCE;
				MTL_FAST_MATH = YES;
				ONLY_ACTIVE_ARCH = YES;
				SDKROOT = iphoneos;
				SWIFT_ACTIVE_COMPILATION_CONDITIONS = DEBUG;
				SWIFT_OPTIMIZATION_LEVEL = "-Onone";
			};
			name = Debug;
		};
		4EE89847299E173F009E8CC7 /* Release */ = {
			isa = XCBuildConfiguration;
			buildSettings = {
				ALWAYS_SEARCH_USER_PATHS = NO;
				CLANG_ANALYZER_NONNULL = YES;
				CLANG_ANALYZER_NUMBER_OBJECT_CONVERSION = YES_AGGRESSIVE;
				CLANG_CXX_LANGUAGE_STANDARD = "gnu++20";
				CLANG_ENABLE_MODULES = YES;
				CLANG_ENABLE_OBJC_ARC = YES;
				CLANG_ENABLE_OBJC_WEAK = YES;
				CLANG_WARN_BLOCK_CAPTURE_AUTORELEASING = YES;
				CLANG_WARN_BOOL_CONVERSION = YES;
				CLANG_WARN_COMMA = YES;
				CLANG_WARN_CONSTANT_CONVERSION = YES;
				CLANG_WARN_DEPRECATED_OBJC_IMPLEMENTATIONS = YES;
				CLANG_WARN_DIRECT_OBJC_ISA_USAGE = YES_ERROR;
				CLANG_WARN_DOCUMENTATION_COMMENTS = YES;
				CLANG_WARN_EMPTY_BODY = YES;
				CLANG_WARN_ENUM_CONVERSION = YES;
				CLANG_WARN_INFINITE_RECURSION = YES;
				CLANG_WARN_INT_CONVERSION = YES;
				CLANG_WARN_NON_LITERAL_NULL_CONVERSION = YES;
				CLANG_WARN_OBJC_IMPLICIT_RETAIN_SELF = YES;
				CLANG_WARN_OBJC_LITERAL_CONVERSION = YES;
				CLANG_WARN_OBJC_ROOT_CLASS = YES_ERROR;
				CLANG_WARN_QUOTED_INCLUDE_IN_FRAMEWORK_HEADER = YES;
				CLANG_WARN_RANGE_LOOP_ANALYSIS = YES;
				CLANG_WARN_STRICT_PROTOTYPES = YES;
				CLANG_WARN_SUSPICIOUS_MOVE = YES;
				CLANG_WARN_UNGUARDED_AVAILABILITY = YES_AGGRESSIVE;
				CLANG_WARN_UNREACHABLE_CODE = YES;
				CLANG_WARN__DUPLICATE_METHOD_MATCH = YES;
				COPY_PHASE_STRIP = NO;
				DEBUG_INFORMATION_FORMAT = "dwarf-with-dsym";
				ENABLE_NS_ASSERTIONS = NO;
				ENABLE_STRICT_OBJC_MSGSEND = YES;
				GCC_C_LANGUAGE_STANDARD = gnu11;
				GCC_NO_COMMON_BLOCKS = YES;
				GCC_WARN_64_TO_32_BIT_CONVERSION = YES;
				GCC_WARN_ABOUT_RETURN_TYPE = YES_ERROR;
				GCC_WARN_UNDECLARED_SELECTOR = YES;
				GCC_WARN_UNINITIALIZED_AUTOS = YES_AGGRESSIVE;
				GCC_WARN_UNUSED_FUNCTION = YES;
				GCC_WARN_UNUSED_VARIABLE = YES;
				IPHONEOS_DEPLOYMENT_TARGET = 16.2;
				MTL_ENABLE_DEBUG_INFO = NO;
				MTL_FAST_MATH = YES;
				SDKROOT = iphoneos;
				SWIFT_COMPILATION_MODE = wholemodule;
				SWIFT_OPTIMIZATION_LEVEL = "-O";
				VALIDATE_PRODUCT = YES;
			};
			name = Release;
		};
		4EE89849299E173F009E8CC7 /* Debug */ = {
			isa = XCBuildConfiguration;
			baseConfigurationReference = DD4ED7236976D8F10C2FF970 /* Pods-Pokemon TGC.debug.xcconfig */;
			buildSettings = {
				ASSETCATALOG_COMPILER_APPICON_NAME = AppIcon;
				ASSETCATALOG_COMPILER_GLOBAL_ACCENT_COLOR_NAME = AccentColor;
				CODE_SIGN_STYLE = Automatic;
				CURRENT_PROJECT_VERSION = 1;
				DEVELOPMENT_TEAM = X393862ULL;
				GENERATE_INFOPLIST_FILE = YES;
				INFOPLIST_FILE = "Pokemon TGC/Info.plist";
				INFOPLIST_KEY_UIApplicationSupportsIndirectInputEvents = YES;
				INFOPLIST_KEY_UILaunchStoryboardName = LaunchScreen;
				INFOPLIST_KEY_UIMainStoryboardFile = Main;
				INFOPLIST_KEY_UISupportedInterfaceOrientations_iPad = "UIInterfaceOrientationPortrait UIInterfaceOrientationPortraitUpsideDown UIInterfaceOrientationLandscapeLeft UIInterfaceOrientationLandscapeRight";
				INFOPLIST_KEY_UISupportedInterfaceOrientations_iPhone = "UIInterfaceOrientationPortrait UIInterfaceOrientationLandscapeLeft UIInterfaceOrientationLandscapeRight";
				IPHONEOS_DEPLOYMENT_TARGET = 15.0;
				LD_RUNPATH_SEARCH_PATHS = (
					"$(inherited)",
					"@executable_path/Frameworks",
				);
				MARKETING_VERSION = 1.0;
				PRODUCT_BUNDLE_IDENTIFIER = "Icung.Pokemon-TGC";
				PRODUCT_NAME = "$(TARGET_NAME)";
				SWIFT_EMIT_LOC_STRINGS = YES;
				SWIFT_VERSION = 5.0;
				TARGETED_DEVICE_FAMILY = "1,2";
			};
			name = Debug;
		};
		4EE8984A299E173F009E8CC7 /* Release */ = {
			isa = XCBuildConfiguration;
			baseConfigurationReference = 9F33CB36E81DA54C591EA0AB /* Pods-Pokemon TGC.release.xcconfig */;
			buildSettings = {
				ASSETCATALOG_COMPILER_APPICON_NAME = AppIcon;
				ASSETCATALOG_COMPILER_GLOBAL_ACCENT_COLOR_NAME = AccentColor;
				CODE_SIGN_STYLE = Automatic;
				CURRENT_PROJECT_VERSION = 1;
				DEVELOPMENT_TEAM = X393862ULL;
				GENERATE_INFOPLIST_FILE = YES;
				INFOPLIST_FILE = "Pokemon TGC/Info.plist";
				INFOPLIST_KEY_UIApplicationSupportsIndirectInputEvents = YES;
				INFOPLIST_KEY_UILaunchStoryboardName = LaunchScreen;
				INFOPLIST_KEY_UIMainStoryboardFile = Main;
				INFOPLIST_KEY_UISupportedInterfaceOrientations_iPad = "UIInterfaceOrientationPortrait UIInterfaceOrientationPortraitUpsideDown UIInterfaceOrientationLandscapeLeft UIInterfaceOrientationLandscapeRight";
				INFOPLIST_KEY_UISupportedInterfaceOrientations_iPhone = "UIInterfaceOrientationPortrait UIInterfaceOrientationLandscapeLeft UIInterfaceOrientationLandscapeRight";
				IPHONEOS_DEPLOYMENT_TARGET = 15.0;
				LD_RUNPATH_SEARCH_PATHS = (
					"$(inherited)",
					"@executable_path/Frameworks",
				);
				MARKETING_VERSION = 1.0;
				PRODUCT_BUNDLE_IDENTIFIER = "Icung.Pokemon-TGC";
				PRODUCT_NAME = "$(TARGET_NAME)";
				SWIFT_EMIT_LOC_STRINGS = YES;
				SWIFT_VERSION = 5.0;
				TARGETED_DEVICE_FAMILY = "1,2";
			};
			name = Release;
		};
		4EE8984C299E173F009E8CC7 /* Debug */ = {
			isa = XCBuildConfiguration;
			baseConfigurationReference = B806744766BC90293738EB7B /* Pods-Pokemon TGCTests.debug.xcconfig */;
			buildSettings = {
				ALWAYS_EMBED_SWIFT_STANDARD_LIBRARIES = YES;
				BUNDLE_LOADER = "$(TEST_HOST)";
				CODE_SIGN_STYLE = Automatic;
				CURRENT_PROJECT_VERSION = 1;
				DEVELOPMENT_TEAM = X393862ULL;
				GENERATE_INFOPLIST_FILE = YES;
				IPHONEOS_DEPLOYMENT_TARGET = 16.2;
				MARKETING_VERSION = 1.0;
				PRODUCT_BUNDLE_IDENTIFIER = "Icung.Pokemon-TGCTests";
				PRODUCT_NAME = "$(TARGET_NAME)";
				SWIFT_EMIT_LOC_STRINGS = NO;
				SWIFT_VERSION = 5.0;
				TARGETED_DEVICE_FAMILY = "1,2";
				TEST_HOST = "$(BUILT_PRODUCTS_DIR)/Pokemon TGC.app/$(BUNDLE_EXECUTABLE_FOLDER_PATH)/Pokemon TGC";
			};
			name = Debug;
		};
		4EE8984D299E173F009E8CC7 /* Release */ = {
			isa = XCBuildConfiguration;
			baseConfigurationReference = 97E3C801B3F4593C30B46797 /* Pods-Pokemon TGCTests.release.xcconfig */;
			buildSettings = {
				ALWAYS_EMBED_SWIFT_STANDARD_LIBRARIES = YES;
				BUNDLE_LOADER = "$(TEST_HOST)";
				CODE_SIGN_STYLE = Automatic;
				CURRENT_PROJECT_VERSION = 1;
				DEVELOPMENT_TEAM = X393862ULL;
				GENERATE_INFOPLIST_FILE = YES;
				IPHONEOS_DEPLOYMENT_TARGET = 16.2;
				MARKETING_VERSION = 1.0;
				PRODUCT_BUNDLE_IDENTIFIER = "Icung.Pokemon-TGCTests";
				PRODUCT_NAME = "$(TARGET_NAME)";
				SWIFT_EMIT_LOC_STRINGS = NO;
				SWIFT_VERSION = 5.0;
				TARGETED_DEVICE_FAMILY = "1,2";
				TEST_HOST = "$(BUILT_PRODUCTS_DIR)/Pokemon TGC.app/$(BUNDLE_EXECUTABLE_FOLDER_PATH)/Pokemon TGC";
			};
			name = Release;
		};
		4EE8984F299E173F009E8CC7 /* Debug */ = {
			isa = XCBuildConfiguration;
			baseConfigurationReference = CDD7C54D30BCE8199E7F4F52 /* Pods-Pokemon TGC-Pokemon TGCUITests.debug.xcconfig */;
			buildSettings = {
				ALWAYS_EMBED_SWIFT_STANDARD_LIBRARIES = YES;
				CODE_SIGN_STYLE = Automatic;
				CURRENT_PROJECT_VERSION = 1;
				DEVELOPMENT_TEAM = X393862ULL;
				GENERATE_INFOPLIST_FILE = YES;
				MARKETING_VERSION = 1.0;
				PRODUCT_BUNDLE_IDENTIFIER = "Icung.Pokemon-TGCUITests";
				PRODUCT_NAME = "$(TARGET_NAME)";
				SWIFT_EMIT_LOC_STRINGS = NO;
				SWIFT_VERSION = 5.0;
				TARGETED_DEVICE_FAMILY = "1,2";
				TEST_TARGET_NAME = "Pokemon TGC";
			};
			name = Debug;
		};
		4EE89850299E173F009E8CC7 /* Release */ = {
			isa = XCBuildConfiguration;
			baseConfigurationReference = 51FC30593D4323B67A5F6AE2 /* Pods-Pokemon TGC-Pokemon TGCUITests.release.xcconfig */;
			buildSettings = {
				ALWAYS_EMBED_SWIFT_STANDARD_LIBRARIES = YES;
				CODE_SIGN_STYLE = Automatic;
				CURRENT_PROJECT_VERSION = 1;
				DEVELOPMENT_TEAM = X393862ULL;
				GENERATE_INFOPLIST_FILE = YES;
				MARKETING_VERSION = 1.0;
				PRODUCT_BUNDLE_IDENTIFIER = "Icung.Pokemon-TGCUITests";
				PRODUCT_NAME = "$(TARGET_NAME)";
				SWIFT_EMIT_LOC_STRINGS = NO;
				SWIFT_VERSION = 5.0;
				TARGETED_DEVICE_FAMILY = "1,2";
				TEST_TARGET_NAME = "Pokemon TGC";
			};
			name = Release;
		};
/* End XCBuildConfiguration section */

/* Begin XCConfigurationList section */
		4EE89819299E173D009E8CC7 /* Build configuration list for PBXProject "Pokemon TGC" */ = {
			isa = XCConfigurationList;
			buildConfigurations = (
				4EE89846299E173F009E8CC7 /* Debug */,
				4EE89847299E173F009E8CC7 /* Release */,
			);
			defaultConfigurationIsVisible = 0;
			defaultConfigurationName = Release;
		};
		4EE89848299E173F009E8CC7 /* Build configuration list for PBXNativeTarget "Pokemon TGC" */ = {
			isa = XCConfigurationList;
			buildConfigurations = (
				4EE89849299E173F009E8CC7 /* Debug */,
				4EE8984A299E173F009E8CC7 /* Release */,
			);
			defaultConfigurationIsVisible = 0;
			defaultConfigurationName = Release;
		};
		4EE8984B299E173F009E8CC7 /* Build configuration list for PBXNativeTarget "Pokemon TGCTests" */ = {
			isa = XCConfigurationList;
			buildConfigurations = (
				4EE8984C299E173F009E8CC7 /* Debug */,
				4EE8984D299E173F009E8CC7 /* Release */,
			);
			defaultConfigurationIsVisible = 0;
			defaultConfigurationName = Release;
		};
		4EE8984E299E173F009E8CC7 /* Build configuration list for PBXNativeTarget "Pokemon TGCUITests" */ = {
			isa = XCConfigurationList;
			buildConfigurations = (
				4EE8984F299E173F009E8CC7 /* Debug */,
				4EE89850299E173F009E8CC7 /* Release */,
			);
			defaultConfigurationIsVisible = 0;
			defaultConfigurationName = Release;
		};
/* End XCConfigurationList section */
	};
	rootObject = 4EE89816299E173D009E8CC7 /* Project object */;
}
