// !$*UTF8*$!
{
	archiveVersion = 1;
	classes = {
	};
	objectVersion = 55;
	objects = {

/* Begin PBXBuildFile section */
		4EE89822299E173D009E8CC7 /* AppDelegate.swift in Sources */ = {isa = PBXBuildFile; fileRef = 4EE89821299E173D009E8CC7 /* AppDelegate.swift */; };
		4EE89824299E173D009E8CC7 /* SceneDelegate.swift in Sources */ = {isa = PBXBuildFile; fileRef = 4EE89823299E173D009E8CC7 /* SceneDelegate.swift */; };
		4EE89826299E173D009E8CC7 /* ViewController.swift in Sources */ = {isa = PBXBuildFile; fileRef = 4EE89825299E173D009E8CC7 /* ViewController.swift */; };
		4EE89829299E173D009E8CC7 /* Main.storyboard in Resources */ = {isa = PBXBuildFile; fileRef = 4EE89827299E173D009E8CC7 /* Main.storyboard */; };
		4EE8982B299E173F009E8CC7 /* Assets.xcassets in Resources */ = {isa = PBXBuildFile; fileRef = 4EE8982A299E173F009E8CC7 /* Assets.xcassets */; };
		4EE8982E299E173F009E8CC7 /* LaunchScreen.storyboard in Resources */ = {isa = PBXBuildFile; fileRef = 4EE8982C299E173F009E8CC7 /* LaunchScreen.storyboard */; };
		4EE89839299E173F009E8CC7 /* Pokemon_TGCTests.swift in Sources */ = {isa = PBXBuildFile; fileRef = 4EE89838299E173F009E8CC7 /* Pokemon_TGCTests.swift */; };
		4EE89843299E173F009E8CC7 /* Pokemon_TGCUITests.swift in Sources */ = {isa = PBXBuildFile; fileRef = 4EE89842299E173F009E8CC7 /* Pokemon_TGCUITests.swift */; };
		4EE89845299E173F009E8CC7 /* Pokemon_TGCUITestsLaunchTests.swift in Sources */ = {isa = PBXBuildFile; fileRef = 4EE89844299E173F009E8CC7 /* Pokemon_TGCUITestsLaunchTests.swift */; };
/* End PBXBuildFile section */

/* Begin PBXContainerItemProxy section */
		4EE89835299E173F009E8CC7 /* PBXContainerItemProxy */ = {
			isa = PBXContainerItemProxy;
			containerPortal = 4EE89816299E173D009E8CC7 /* Project object */;
			proxyType = 1;
			remoteGlobalIDString = 4EE8981D299E173D009E8CC7;
			remoteInfo = "Pokemon TGC";
		};
		4EE8983F299E173F009E8CC7 /* PBXContainerItemProxy */ = {
			isa = PBXContainerItemProxy;
			containerPortal = 4EE89816299E173D009E8CC7 /* Project object */;
			proxyType = 1;
			remoteGlobalIDString = 4EE8981D299E173D009E8CC7;
			remoteInfo = "Pokemon TGC";
		};
/* End PBXContainerItemProxy section */

/* Begin PBXFileReference section */
		4EE8981E299E173D009E8CC7 /* Pokemon TGC.app */ = {isa = PBXFileReference; explicitFileType = wrapper.application; includeInIndex = 0; path = "Pokemon TGC.app"; sourceTree = BUILT_PRODUCTS_DIR; };
		4EE89821299E173D009E8CC7 /* AppDelegate.swift */ = {isa = PBXFileReference; lastKnownFileType = sourcecode.swift; path = AppDelegate.swift; sourceTree = "<group>"; };
		4EE89823299E173D009E8CC7 /* SceneDelegate.swift */ = {isa = PBXFileReference; lastKnownFileType = sourcecode.swift; path = SceneDelegate.swift; sourceTree = "<group>"; };
		4EE89825299E173D009E8CC7 /* ViewController.swift */ = {isa = PBXFileReference; lastKnownFileType = sourcecode.swift; path = ViewController.swift; sourceTree = "<group>"; };
		4EE89828299E173D009E8CC7 /* Base */ = {isa = PBXFileReference; lastKnownFileType = file.storyboard; name = Base; path = Base.lproj/Main.storyboard; sourceTree = "<group>"; };
		4EE8982A299E173F009E8CC7 /* Assets.xcassets */ = {isa = PBXFileReference; lastKnownFileType = folder.assetcatalog; path = Assets.xcassets; sourceTree = "<group>"; };
		4EE8982D299E173F009E8CC7 /* Base */ = {isa = PBXFileReference; lastKnownFileType = file.storyboard; name = Base; path = Base.lproj/LaunchScreen.storyboard; sourceTree = "<group>"; };
		4EE8982F299E173F009E8CC7 /* Info.plist */ = {isa = PBXFileReference; lastKnownFileType = text.plist.xml; path = Info.plist; sourceTree = "<group>"; };
		4EE89834299E173F009E8CC7 /* Pokemon TGCTests.xctest */ = {isa = PBXFileReference; explicitFileType = wrapper.cfbundle; includeInIndex = 0; path = "Pokemon TGCTests.xctest"; sourceTree = BUILT_PRODUCTS_DIR; };
		4EE89838299E173F009E8CC7 /* Pokemon_TGCTests.swift */ = {isa = PBXFileReference; lastKnownFileType = sourcecode.swift; path = Pokemon_TGCTests.swift; sourceTree = "<group>"; };
		4EE8983E299E173F009E8CC7 /* Pokemon TGCUITests.xctest */ = {isa = PBXFileReference; explicitFileType = wrapper.cfbundle; includeInIndex = 0; path = "Pokemon TGCUITests.xctest"; sourceTree = BUILT_PRODUCTS_DIR; };
		4EE89842299E173F009E8CC7 /* Pokemon_TGCUITests.swift */ = {isa = PBXFileReference; lastKnownFileType = sourcecode.swift; path = Pokemon_TGCUITests.swift; sourceTree = "<group>"; };
		4EE89844299E173F009E8CC7 /* Pokemon_TGCUITestsLaunchTests.swift */ = {isa = PBXFileReference; lastKnownFileType = sourcecode.swift; path = Pokemon_TGCUITestsLaunchTests.swift; sourceTree = "<group>"; };
/* End PBXFileReference section */

/* Begin PBXFrameworksBuildPhase section */
		4EE8981B299E173D009E8CC7 /* Frameworks */ = {
			isa = PBXFrameworksBuildPhase;
			buildActionMask = 2147483647;
			files = (
			);
			runOnlyForDeploymentPostprocessing = 0;
		};
		4EE89831299E173F009E8CC7 /* Frameworks */ = {
			isa = PBXFrameworksBuildPhase;
			buildActionMask = 2147483647;
			files = (
			);
			runOnlyForDeploymentPostprocessing = 0;
		};
		4EE8983B299E173F009E8CC7 /* Frameworks */ = {
			isa = PBXFrameworksBuildPhase;
			buildActionMask = 2147483647;
			files = (
			);
			runOnlyForDeploymentPostprocessing = 0;
		};
/* End PBXFrameworksBuildPhase section */

/* Begin PBXGroup section */
		4EE89815299E173D009E8CC7 = {
			isa = PBXGroup;
			children = (
				4EE89820299E173D009E8CC7 /* Pokemon TGC */,
				4EE89837299E173F009E8CC7 /* Pokemon TGCTests */,
				4EE89841299E173F009E8CC7 /* Pokemon TGCUITests */,
				4EE8981F299E173D009E8CC7 /* Products */,
			);
			sourceTree = "<group>";
		};
		4EE8981F299E173D009E8CC7 /* Products */ = {
			isa = PBXGroup;
			children = (
				4EE8981E299E173D009E8CC7 /* Pokemon TGC.app */,
				4EE89834299E173F009E8CC7 /* Pokemon TGCTests.xctest */,
				4EE8983E299E173F009E8CC7 /* Pokemon TGCUITests.xctest */,
			);
			name = Products;
			sourceTree = "<group>";
		};
		4EE89820299E173D009E8CC7 /* Pokemon TGC */ = {
			isa = PBXGroup;
			children = (
				4EE89821299E173D009E8CC7 /* AppDelegate.swift */,
				4EE89823299E173D009E8CC7 /* SceneDelegate.swift */,
				4EE89825299E173D009E8CC7 /* ViewController.swift */,
				4EE89827299E173D009E8CC7 /* Main.storyboard */,
				4EE8982A299E173F009E8CC7 /* Assets.xcassets */,
				4EE8982C299E173F009E8CC7 /* LaunchScreen.storyboard */,
				4EE8982F299E173F009E8CC7 /* Info.plist */,
			);
			path = "Pokemon TGC";
			sourceTree = "<group>";
		};
		4EE89837299E173F009E8CC7 /* Pokemon TGCTests */ = {
			isa = PBXGroup;
			children = (
				4EE89838299E173F009E8CC7 /* Pokemon_TGCTests.swift */,
			);
			path = "Pokemon TGCTests";
			sourceTree = "<group>";
		};
		4EE89841299E173F009E8CC7 /* Pokemon TGCUITests */ = {
			isa = PBXGroup;
			children = (
				4EE89842299E173F009E8CC7 /* Pokemon_TGCUITests.swift */,
				4EE89844299E173F009E8CC7 /* Pokemon_TGCUITestsLaunchTests.swift */,
			);
			path = "Pokemon TGCUITests";
			sourceTree = "<group>";
		};
/* End PBXGroup section */

/* Begin PBXNativeTarget section */
		4EE8981D299E173D009E8CC7 /* Pokemon TGC */ = {
			isa = PBXNativeTarget;
			buildConfigurationList = 4EE89848299E173F009E8CC7 /* Build configuration list for PBXNativeTarget "Pokemon TGC" */;
			buildPhases = (
				4EE8981A299E173D009E8CC7 /* Sources */,
				4EE8981B299E173D009E8CC7 /* Frameworks */,
				4EE8981C299E173D009E8CC7 /* Resources */,
			);
			buildRules = (
			);
			dependencies = (
			);
			name = "Pokemon TGC";
			productName = "Pokemon TGC";
			productReference = 4EE8981E299E173D009E8CC7 /* Pokemon TGC.app */;
			productType = "com.apple.product-type.application";
		};
		4EE89833299E173F009E8CC7 /* Pokemon TGCTests */ = {
			isa = PBXNativeTarget;
			buildConfigurationList = 4EE8984B299E173F009E8CC7 /* Build configuration list for PBXNativeTarget "Pokemon TGCTests" */;
			buildPhases = (
				4EE89830299E173F009E8CC7 /* Sources */,
				4EE89831299E173F009E8CC7 /* Frameworks */,
				4EE89832299E173F009E8CC7 /* Resources */,
			);
			buildRules = (
			);
			dependencies = (
				4EE89836299E173F009E8CC7 /* PBXTargetDependency */,
			);
			name = "Pokemon TGCTests";
			productName = "Pokemon TGCTests";
			productReference = 4EE89834299E173F009E8CC7 /* Pokemon TGCTests.xctest */;
			productType = "com.apple.product-type.bundle.unit-test";
		};
		4EE8983D299E173F009E8CC7 /* Pokemon TGCUITests */ = {
			isa = PBXNativeTarget;
			buildConfigurationList = 4EE8984E299E173F009E8CC7 /* Build configuration list for PBXNativeTarget "Pokemon TGCUITests" */;
			buildPhases = (
				4EE8983A299E173F009E8CC7 /* Sources */,
				4EE8983B299E173F009E8CC7 /* Frameworks */,
				4EE8983C299E173F009E8CC7 /* Resources */,
			);
			buildRules = (
			);
			dependencies = (
				4EE89840299E173F009E8CC7 /* PBXTargetDependency */,
			);
			name = "Pokemon TGCUITests";
			productName = "Pokemon TGCUITests";
			productReference = 4EE8983E299E173F009E8CC7 /* Pokemon TGCUITests.xctest */;
			productType = "com.apple.product-type.bundle.ui-testing";
		};
/* End PBXNativeTarget section */

/* Begin PBXProject section */
		4EE89816299E173D009E8CC7 /* Project object */ = {
			isa = PBXProject;
			attributes = {
				BuildIndependentTargetsInParallel = 1;
				LastSwiftUpdateCheck = 1420;
				LastUpgradeCheck = 1420;
				TargetAttributes = {
					4EE8981D299E173D009E8CC7 = {
						CreatedOnToolsVersion = 14.2;
					};
					4EE89833299E173F009E8CC7 = {
						CreatedOnToolsVersion = 14.2;
						TestTargetID = 4EE8981D299E173D009E8CC7;
					};
					4EE8983D299E173F009E8CC7 = {
						CreatedOnToolsVersion = 14.2;
						TestTargetID = 4EE8981D299E173D009E8CC7;
					};
				};
			};
			buildConfigurationList = 4EE89819299E173D009E8CC7 /* Build configuration list for PBXProject "Pokemon TGC" */;
			compatibilityVersion = "Xcode 13.0";
			developmentRegion = en;
			hasScannedForEncodings = 0;
			knownRegions = (
				en,
				Base,
			);
			mainGroup = 4EE89815299E173D009E8CC7;
			productRefGroup = 4EE8981F299E173D009E8CC7 /* Products */;
			projectDirPath = "";
			projectRoot = "";
			targets = (
				4EE8981D299E173D009E8CC7 /* Pokemon TGC */,
				4EE89833299E173F009E8CC7 /* Pokemon TGCTests */,
				4EE8983D299E173F009E8CC7 /* Pokemon TGCUITests */,
			);
		};
/* End PBXProject section */

/* Begin PBXResourcesBuildPhase section */
		4EE8981C299E173D009E8CC7 /* Resources */ = {
			isa = PBXResourcesBuildPhase;
			buildActionMask = 2147483647;
			files = (
				4EE8982E299E173F009E8CC7 /* LaunchScreen.storyboard in Resources */,
				4EE8982B299E173F009E8CC7 /* Assets.xcassets in Resources */,
				4EE89829299E173D009E8CC7 /* Main.storyboard in Resources */,
			);
			runOnlyForDeploymentPostprocessing = 0;
		};
		4EE89832299E173F009E8CC7 /* Resources */ = {
			isa = PBXResourcesBuildPhase;
			buildActionMask = 2147483647;
			files = (
			);
			runOnlyForDeploymentPostprocessing = 0;
		};
		4EE8983C299E173F009E8CC7 /* Resources */ = {
			isa = PBXResourcesBuildPhase;
			buildActionMask = 2147483647;
			files = (
			);
			runOnlyForDeploymentPostprocessing = 0;
		};
/* End PBXResourcesBuildPhase section */

/* Begin PBXSourcesBuildPhase section */
		4EE8981A299E173D009E8CC7 /* Sources */ = {
			isa = PBXSourcesBuildPhase;
			buildActionMask = 2147483647;
			files = (
				4EE89826299E173D009E8CC7 /* ViewController.swift in Sources */,
				4EE89822299E173D009E8CC7 /* AppDelegate.swift in Sources */,
				4EE89824299E173D009E8CC7 /* SceneDelegate.swift in Sources */,
			);
			runOnlyForDeploymentPostprocessing = 0;
		};
		4EE89830299E173F009E8CC7 /* Sources */ = {
			isa = PBXSourcesBuildPhase;
			buildActionMask = 2147483647;
			files = (
				4EE89839299E173F009E8CC7 /* Pokemon_TGCTests.swift in Sources */,
			);
			runOnlyForDeploymentPostprocessing = 0;
		};
		4EE8983A299E173F009E8CC7 /* Sources */ = {
			isa = PBXSourcesBuildPhase;
			buildActionMask = 2147483647;
			files = (
				4EE89843299E173F009E8CC7 /* Pokemon_TGCUITests.swift in Sources */,
				4EE89845299E173F009E8CC7 /* Pokemon_TGCUITestsLaunchTests.swift in Sources */,
			);
			runOnlyForDeploymentPostprocessing = 0;
		};
/* End PBXSourcesBuildPhase section */

/* Begin PBXTargetDependency section */
		4EE89836299E173F009E8CC7 /* PBXTargetDependency */ = {
			isa = PBXTargetDependency;
			target = 4EE8981D299E173D009E8CC7 /* Pokemon TGC */;
			targetProxy = 4EE89835299E173F009E8CC7 /* PBXContainerItemProxy */;
		};
		4EE89840299E173F009E8CC7 /* PBXTargetDependency */ = {
			isa = PBXTargetDependency;
			target = 4EE8981D299E173D009E8CC7 /* Pokemon TGC */;
			targetProxy = 4EE8983F299E173F009E8CC7 /* PBXContainerItemProxy */;
		};
/* End PBXTargetDependency section */

/* Begin PBXVariantGroup section */
		4EE89827299E173D009E8CC7 /* Main.storyboard */ = {
			isa = PBXVariantGroup;
			children = (
				4EE89828299E173D009E8CC7 /* Base */,
			);
			name = Main.storyboard;
			sourceTree = "<group>";
		};
		4EE8982C299E173F009E8CC7 /* LaunchScreen.storyboard */ = {
			isa = PBXVariantGroup;
			children = (
				4EE8982D299E173F009E8CC7 /* Base */,
			);
			name = LaunchScreen.storyboard;
			sourceTree = "<group>";
		};
/* End PBXVariantGroup section */

/* Begin XCBuildConfiguration section */
		4EE89846299E173F009E8CC7 /* Debug */ = {
			isa = XCBuildConfiguration;
			buildSettings = {
				ALWAYS_SEARCH_USER_PATHS = NO;
				CLANG_ANALYZER_NONNULL = YES;
				CLANG_ANALYZER_NUMBER_OBJECT_CONVERSION = YES_AGGRESSIVE;
				CLANG_CXX_LANGUAGE_STANDARD = "gnu++20";
				CLANG_ENABLE_MODULES = YES;
				CLANG_ENABLE_OBJC_ARC = YES;
				CLANG_ENABLE_OBJC_WEAK = YES;
				CLANG_WARN_BLOCK_CAPTURE_AUTORELEASING = YES;
				CLANG_WARN_BOOL_CONVERSION = YES;
				CLANG_WARN_COMMA = YES;
				CLANG_WARN_CONSTANT_CONVERSION = YES;
				CLANG_WARN_DEPRECATED_OBJC_IMPLEMENTATIONS = YES;
				CLANG_WARN_DIRECT_OBJC_ISA_USAGE = YES_ERROR;
				CLANG_WARN_DOCUMENTATION_COMMENTS = YES;
				CLANG_WARN_EMPTY_BODY = YES;
				CLANG_WARN_ENUM_CONVERSION = YES;
				CLANG_WARN_INFINITE_RECURSION = YES;
				CLANG_WARN_INT_CONVERSION = YES;
				CLANG_WARN_NON_LITERAL_NULL_CONVERSION = YES;
				CLANG_WARN_OBJC_IMPLICIT_RETAIN_SELF = YES;
				CLANG_WARN_OBJC_LITERAL_CONVERSION = YES;
				CLANG_WARN_OBJC_ROOT_CLASS = YES_ERROR;
				CLANG_WARN_QUOTED_INCLUDE_IN_FRAMEWORK_HEADER = YES;
				CLANG_WARN_RANGE_LOOP_ANALYSIS = YES;
				CLANG_WARN_STRICT_PROTOTYPES = YES;
				CLANG_WARN_SUSPICIOUS_MOVE = YES;
				CLANG_WARN_UNGUARDED_AVAILABILITY = YES_AGGRESSIVE;
				CLANG_WARN_UNREACHABLE_CODE = YES;
				CLANG_WARN__DUPLICATE_METHOD_MATCH = YES;
				COPY_PHASE_STRIP = NO;
				DEBUG_INFORMATION_FORMAT = dwarf;
				ENABLE_STRICT_OBJC_MSGSEND = YES;
				ENABLE_TESTABILITY = YES;
				GCC_C_LANGUAGE_STANDARD = gnu11;
				GCC_DYNAMIC_NO_PIC = NO;
				GCC_NO_COMMON_BLOCKS = YES;
				GCC_OPTIMIZATION_LEVEL = 0;
				GCC_PREPROCESSOR_DEFINITIONS = (
					"DEBUG=1",
					"$(inherited)",
				);
				GCC_WARN_64_TO_32_BIT_CONVERSION = YES;
				GCC_WARN_ABOUT_RETURN_TYPE = YES_ERROR;
				GCC_WARN_UNDECLARED_SELECTOR = YES;
				GCC_WARN_UNINITIALIZED_AUTOS = YES_AGGRESSIVE;
				GCC_WARN_UNUSED_FUNCTION = YES;
				GCC_WARN_UNUSED_VARIABLE = YES;
				IPHONEOS_DEPLOYMENT_TARGET = 16.2;
				MTL_ENABLE_DEBUG_INFO = INCLUDE_SOURCE;
				MTL_FAST_MATH = YES;
				ONLY_ACTIVE_ARCH = YES;
				SDKROOT = iphoneos;
				SWIFT_ACTIVE_COMPILATION_CONDITIONS = DEBUG;
				SWIFT_OPTIMIZATION_LEVEL = "-Onone";
			};
			name = Debug;
		};
		4EE89847299E173F009E8CC7 /* Release */ = {
			isa = XCBuildConfiguration;
			buildSettings = {
				ALWAYS_SEARCH_USER_PATHS = NO;
				CLANG_ANALYZER_NONNULL = YES;
				CLANG_ANALYZER_NUMBER_OBJECT_CONVERSION = YES_AGGRESSIVE;
				CLANG_CXX_LANGUAGE_STANDARD = "gnu++20";
				CLANG_ENABLE_MODULES = YES;
				CLANG_ENABLE_OBJC_ARC = YES;
				CLANG_ENABLE_OBJC_WEAK = YES;
				CLANG_WARN_BLOCK_CAPTURE_AUTORELEASING = YES;
				CLANG_WARN_BOOL_CONVERSION = YES;
				CLANG_WARN_COMMA = YES;
				CLANG_WARN_CONSTANT_CONVERSION = YES;
				CLANG_WARN_DEPRECATED_OBJC_IMPLEMENTATIONS = YES;
				CLANG_WARN_DIRECT_OBJC_ISA_USAGE = YES_ERROR;
				CLANG_WARN_DOCUMENTATION_COMMENTS = YES;
				CLANG_WARN_EMPTY_BODY = YES;
				CLANG_WARN_ENUM_CONVERSION = YES;
				CLANG_WARN_INFINITE_RECURSION = YES;
				CLANG_WARN_INT_CONVERSION = YES;
				CLANG_WARN_NON_LITERAL_NULL_CONVERSION = YES;
				CLANG_WARN_OBJC_IMPLICIT_RETAIN_SELF = YES;
				CLANG_WARN_OBJC_LITERAL_CONVERSION = YES;
				CLANG_WARN_OBJC_ROOT_CLASS = YES_ERROR;
				CLANG_WARN_QUOTED_INCLUDE_IN_FRAMEWORK_HEADER = YES;
				CLANG_WARN_RANGE_LOOP_ANALYSIS = YES;
				CLANG_WARN_STRICT_PROTOTYPES = YES;
				CLANG_WARN_SUSPICIOUS_MOVE = YES;
				CLANG_WARN_UNGUARDED_AVAILABILITY = YES_AGGRESSIVE;
				CLANG_WARN_UNREACHABLE_CODE = YES;
				CLANG_WARN__DUPLICATE_METHOD_MATCH = YES;
				COPY_PHASE_STRIP = NO;
				DEBUG_INFORMATION_FORMAT = "dwarf-with-dsym";
				ENABLE_NS_ASSERTIONS = NO;
				ENABLE_STRICT_OBJC_MSGSEND = YES;
				GCC_C_LANGUAGE_STANDARD = gnu11;
				GCC_NO_COMMON_BLOCKS = YES;
				GCC_WARN_64_TO_32_BIT_CONVERSION = YES;
				GCC_WARN_ABOUT_RETURN_TYPE = YES_ERROR;
				GCC_WARN_UNDECLARED_SELECTOR = YES;
				GCC_WARN_UNINITIALIZED_AUTOS = YES_AGGRESSIVE;
				GCC_WARN_UNUSED_FUNCTION = YES;
				GCC_WARN_UNUSED_VARIABLE = YES;
				IPHONEOS_DEPLOYMENT_TARGET = 16.2;
				MTL_ENABLE_DEBUG_INFO = NO;
				MTL_FAST_MATH = YES;
				SDKROOT = iphoneos;
				SWIFT_COMPILATION_MODE = wholemodule;
				SWIFT_OPTIMIZATION_LEVEL = "-O";
				VALIDATE_PRODUCT = YES;
			};
			name = Release;
		};
		4EE89849299E173F009E8CC7 /* Debug */ = {
			isa = XCBuildConfiguration;
			buildSettings = {
				ASSETCATALOG_COMPILER_APPICON_NAME = AppIcon;
				ASSETCATALOG_COMPILER_GLOBAL_ACCENT_COLOR_NAME = AccentColor;
				CODE_SIGN_STYLE = Automatic;
				CURRENT_PROJECT_VERSION = 1;
				DEVELOPMENT_TEAM = X393862ULL;
				GENERATE_INFOPLIST_FILE = YES;
				INFOPLIST_FILE = "Pokemon TGC/Info.plist";
				INFOPLIST_KEY_UIApplicationSupportsIndirectInputEvents = YES;
				INFOPLIST_KEY_UILaunchStoryboardName = LaunchScreen;
				INFOPLIST_KEY_UIMainStoryboardFile = Main;
				INFOPLIST_KEY_UISupportedInterfaceOrientations_iPad = "UIInterfaceOrientationPortrait UIInterfaceOrientationPortraitUpsideDown UIInterfaceOrientationLandscapeLeft UIInterfaceOrientationLandscapeRight";
				INFOPLIST_KEY_UISupportedInterfaceOrientations_iPhone = "UIInterfaceOrientationPortrait UIInterfaceOrientationLandscapeLeft UIInterfaceOrientationLandscapeRight";
				LD_RUNPATH_SEARCH_PATHS = (
					"$(inherited)",
					"@executable_path/Frameworks",
				);
				MARKETING_VERSION = 1.0;
				PRODUCT_BUNDLE_IDENTIFIER = "Icung.Pokemon-TGC";
				PRODUCT_NAME = "$(TARGET_NAME)";
				SWIFT_EMIT_LOC_STRINGS = YES;
				SWIFT_VERSION = 5.0;
				TARGETED_DEVICE_FAMILY = "1,2";
			};
			name = Debug;
		};
		4EE8984A299E173F009E8CC7 /* Release */ = {
			isa = XCBuildConfiguration;
			buildSettings = {
				ASSETCATALOG_COMPILER_APPICON_NAME = AppIcon;
				ASSETCATALOG_COMPILER_GLOBAL_ACCENT_COLOR_NAME = AccentColor;
				CODE_SIGN_STYLE = Automatic;
				CURRENT_PROJECT_VERSION = 1;
				DEVELOPMENT_TEAM = X393862ULL;
				GENERATE_INFOPLIST_FILE = YES;
				INFOPLIST_FILE = "Pokemon TGC/Info.plist";
				INFOPLIST_KEY_UIApplicationSupportsIndirectInputEvents = YES;
				INFOPLIST_KEY_UILaunchStoryboardName = LaunchScreen;
				INFOPLIST_KEY_UIMainStoryboardFile = Main;
				INFOPLIST_KEY_UISupportedInterfaceOrientations_iPad = "UIInterfaceOrientationPortrait UIInterfaceOrientationPortraitUpsideDown UIInterfaceOrientationLandscapeLeft UIInterfaceOrientationLandscapeRight";
				INFOPLIST_KEY_UISupportedInterfaceOrientations_iPhone = "UIInterfaceOrientationPortrait UIInterfaceOrientationLandscapeLeft UIInterfaceOrientationLandscapeRight";
				LD_RUNPATH_SEARCH_PATHS = (
					"$(inherited)",
					"@executable_path/Frameworks",
				);
				MARKETING_VERSION = 1.0;
				PRODUCT_BUNDLE_IDENTIFIER = "Icung.Pokemon-TGC";
				PRODUCT_NAME = "$(TARGET_NAME)";
				SWIFT_EMIT_LOC_STRINGS = YES;
				SWIFT_VERSION = 5.0;
				TARGETED_DEVICE_FAMILY = "1,2";
			};
			name = Release;
		};
		4EE8984C299E173F009E8CC7 /* Debug */ = {
			isa = XCBuildConfiguration;
			buildSettings = {
				ALWAYS_EMBED_SWIFT_STANDARD_LIBRARIES = YES;
				BUNDLE_LOADER = "$(TEST_HOST)";
				CODE_SIGN_STYLE = Automatic;
				CURRENT_PROJECT_VERSION = 1;
				DEVELOPMENT_TEAM = X393862ULL;
				GENERATE_INFOPLIST_FILE = YES;
				IPHONEOS_DEPLOYMENT_TARGET = 16.2;
				MARKETING_VERSION = 1.0;
				PRODUCT_BUNDLE_IDENTIFIER = "Icung.Pokemon-TGCTests";
				PRODUCT_NAME = "$(TARGET_NAME)";
				SWIFT_EMIT_LOC_STRINGS = NO;
				SWIFT_VERSION = 5.0;
				TARGETED_DEVICE_FAMILY = "1,2";
				TEST_HOST = "$(BUILT_PRODUCTS_DIR)/Pokemon TGC.app/$(BUNDLE_EXECUTABLE_FOLDER_PATH)/Pokemon TGC";
			};
			name = Debug;
		};
		4EE8984D299E173F009E8CC7 /* Release */ = {
			isa = XCBuildConfiguration;
			buildSettings = {
				ALWAYS_EMBED_SWIFT_STANDARD_LIBRARIES = YES;
				BUNDLE_LOADER = "$(TEST_HOST)";
				CODE_SIGN_STYLE = Automatic;
				CURRENT_PROJECT_VERSION = 1;
				DEVELOPMENT_TEAM = X393862ULL;
				GENERATE_INFOPLIST_FILE = YES;
				IPHONEOS_DEPLOYMENT_TARGET = 16.2;
				MARKETING_VERSION = 1.0;
				PRODUCT_BUNDLE_IDENTIFIER = "Icung.Pokemon-TGCTests";
				PRODUCT_NAME = "$(TARGET_NAME)";
				SWIFT_EMIT_LOC_STRINGS = NO;
				SWIFT_VERSION = 5.0;
				TARGETED_DEVICE_FAMILY = "1,2";
				TEST_HOST = "$(BUILT_PRODUCTS_DIR)/Pokemon TGC.app/$(BUNDLE_EXECUTABLE_FOLDER_PATH)/Pokemon TGC";
			};
			name = Release;
		};
		4EE8984F299E173F009E8CC7 /* Debug */ = {
			isa = XCBuildConfiguration;
			buildSettings = {
				ALWAYS_EMBED_SWIFT_STANDARD_LIBRARIES = YES;
				CODE_SIGN_STYLE = Automatic;
				CURRENT_PROJECT_VERSION = 1;
				DEVELOPMENT_TEAM = X393862ULL;
				GENERATE_INFOPLIST_FILE = YES;
				MARKETING_VERSION = 1.0;
				PRODUCT_BUNDLE_IDENTIFIER = "Icung.Pokemon-TGCUITests";
				PRODUCT_NAME = "$(TARGET_NAME)";
				SWIFT_EMIT_LOC_STRINGS = NO;
				SWIFT_VERSION = 5.0;
				TARGETED_DEVICE_FAMILY = "1,2";
				TEST_TARGET_NAME = "Pokemon TGC";
			};
			name = Debug;
		};
		4EE89850299E173F009E8CC7 /* Release */ = {
			isa = XCBuildConfiguration;
			buildSettings = {
				ALWAYS_EMBED_SWIFT_STANDARD_LIBRARIES = YES;
				CODE_SIGN_STYLE = Automatic;
				CURRENT_PROJECT_VERSION = 1;
				DEVELOPMENT_TEAM = X393862ULL;
				GENERATE_INFOPLIST_FILE = YES;
				MARKETING_VERSION = 1.0;
				PRODUCT_BUNDLE_IDENTIFIER = "Icung.Pokemon-TGCUITests";
				PRODUCT_NAME = "$(TARGET_NAME)";
				SWIFT_EMIT_LOC_STRINGS = NO;
				SWIFT_VERSION = 5.0;
				TARGETED_DEVICE_FAMILY = "1,2";
				TEST_TARGET_NAME = "Pokemon TGC";
			};
			name = Release;
		};
/* End XCBuildConfiguration section */

/* Begin XCConfigurationList section */
		4EE89819299E173D009E8CC7 /* Build configuration list for PBXProject "Pokemon TGC" */ = {
			isa = XCConfigurationList;
			buildConfigurations = (
				4EE89846299E173F009E8CC7 /* Debug */,
				4EE89847299E173F009E8CC7 /* Release */,
			);
			defaultConfigurationIsVisible = 0;
			defaultConfigurationName = Release;
		};
		4EE89848299E173F009E8CC7 /* Build configuration list for PBXNativeTarget "Pokemon TGC" */ = {
			isa = XCConfigurationList;
			buildConfigurations = (
				4EE89849299E173F009E8CC7 /* Debug */,
				4EE8984A299E173F009E8CC7 /* Release */,
			);
			defaultConfigurationIsVisible = 0;
			defaultConfigurationName = Release;
		};
		4EE8984B299E173F009E8CC7 /* Build configuration list for PBXNativeTarget "Pokemon TGCTests" */ = {
			isa = XCConfigurationList;
			buildConfigurations = (
				4EE8984C299E173F009E8CC7 /* Debug */,
				4EE8984D299E173F009E8CC7 /* Release */,
			);
			defaultConfigurationIsVisible = 0;
			defaultConfigurationName = Release;
		};
		4EE8984E299E173F009E8CC7 /* Build configuration list for PBXNativeTarget "Pokemon TGCUITests" */ = {
			isa = XCConfigurationList;
			buildConfigurations = (
				4EE8984F299E173F009E8CC7 /* Debug */,
				4EE89850299E173F009E8CC7 /* Release */,
			);
			defaultConfigurationIsVisible = 0;
			defaultConfigurationName = Release;
		};
/* End XCConfigurationList section */
	};
	rootObject = 4EE89816299E173D009E8CC7 /* Project object */;
}
